
Microsoft Visual Studio Solution File, Format Version 11.00
# Visual Studio 2010
Project("{FAE04EC0-301F-11D3-BF4B-00C04F79EFBC}") = "WFA_Contador", "WFA_Contador\WFA_Contador.csproj", "{5A5CF6A4-EBB8-48C2-8DD4-C65ABA929ED7}"
EndProject
Global
	GlobalSection(SolutionConfigurationPlatforms) = preSolution
		Debug|x86 = Debug|x86
		Release|x86 = Release|x86
	EndGlobalSection
	GlobalSection(ProjectConfigurationPlatforms) = postSolution
		{5A5CF6A4-EBB8-48C2-8DD4-C65ABA929ED7}.Debug|x86.ActiveCfg = Debug|x86
		{5A5CF6A4-EBB8-48C2-8DD4-C65ABA929ED7}.Debug|x86.Build.0 = Debug|x86
		{5A5CF6A4-EBB8-48C2-8DD4-C65ABA929ED7}.Release|x86.ActiveCfg = Release|x86
		{5A5CF6A4-EBB8-48C2-8DD4-C65ABA929ED7}.Release|x86.Build.0 = Release|x86
	EndGlobalSection
	GlobalSection(SolutionProperties) = preSolution
		HideSolutionNode = FALSE
	EndGlobalSection
EndGlobal
